
Microsoft Visual Studio Solution File, Format Version 12.00
# Visual Studio 14
VisualStudioVersion = 14.0.25420.1
MinimumVisualStudioVersion = 10.0.40219.1
Project("{FAE04EC0-301F-11D3-BF4B-00C04F79EFBC}") = "Task5", "Task5\Task5.csproj", "{4A733A24-BDFE-4B0F-AF15-1C7C24D1CF6B}"
EndProject
Project("{FAE04EC0-301F-11D3-BF4B-00C04F79EFBC}") = "Task5UI", "Task5UI\Task5UI.csproj", "{3EDDC55D-FFDB-4105-9783-298D8DB590AC}"
EndProject
Project("{FAE04EC0-301F-11D3-BF4B-00C04F79EFBC}") = "Task6", "Task6\Task6.csproj", "{C2796EED-93E9-40D6-939C-2A1217D24543}"
EndProject
Project("{FAE04EC0-301F-11D3-BF4B-00C04F79EFBC}") = "Task6UI", "Task6UI\Task6UI.csproj", "{7C4E4129-AA9A-475F-A925-B2F5650B86BD}"
EndProject
Project("{FAE04EC0-301F-11D3-BF4B-00C04F79EFBC}") = "Task7", "Task7\Task7.csproj", "{53E21C42-839E-4CD1-86A7-2C3141C54A1A}"
EndProject
Project("{FAE04EC0-301F-11D3-BF4B-00C04F79EFBC}") = "Task7UI", "Task7UI\Task7UI.csproj", "{BA047437-CEBA-45BE-94A3-EA7427591AB9}"
EndProject
Project("{FAE04EC0-301F-11D3-BF4B-00C04F79EFBC}") = "Task5.Tests", "Task5.Tests\Task5.Tests.csproj", "{6B3BA972-3040-444B-A7DF-B255C73D3A88}"
EndProject
Project("{FAE04EC0-301F-11D3-BF4B-00C04F79EFBC}") = "Task6.Tests", "Task6.Tests\Task6.Tests.csproj", "{C577F16F-627C-4436-9201-C873ED3DA4D8}"
EndProject
Project("{FAE04EC0-301F-11D3-BF4B-00C04F79EFBC}") = "Task7.Tests", "Task7.Tests\Task7.Tests.csproj", "{5B6970C8-788C-4541-AA02-41C8E914E604}"
EndProject
Project("{FAE04EC0-301F-11D3-BF4B-00C04F79EFBC}") = "Task5.NUnitTests", "Task5.NUnitTests\Task5.NUnitTests.csproj", "{E21A8572-4968-4A6A-BF0F-98448EF99B80}"
EndProject
Project("{FAE04EC0-301F-11D3-BF4B-00C04F79EFBC}") = "Task6.NUnitTests", "Task6.NUnitTests\Task6.NUnitTests.csproj", "{1B9F4085-17E6-4713-8CE5-1FB91A184E50}"
EndProject
Project("{FAE04EC0-301F-11D3-BF4B-00C04F79EFBC}") = "Task7.NUnitTests", "Task7.NUnitTests\Task7.NUnitTests.csproj", "{48DCC334-F812-4809-9CA0-A310CBA54E18}"
EndProject
Global
	GlobalSection(SolutionConfigurationPlatforms) = preSolution
		Debug|Any CPU = Debug|Any CPU
		Release|Any CPU = Release|Any CPU
	EndGlobalSection
	GlobalSection(ProjectConfigurationPlatforms) = postSolution
		{4A733A24-BDFE-4B0F-AF15-1C7C24D1CF6B}.Debug|Any CPU.ActiveCfg = Debug|Any CPU
		{4A733A24-BDFE-4B0F-AF15-1C7C24D1CF6B}.Debug|Any CPU.Build.0 = Debug|Any CPU
		{4A733A24-BDFE-4B0F-AF15-1C7C24D1CF6B}.Release|Any CPU.ActiveCfg = Release|Any CPU
		{4A733A24-BDFE-4B0F-AF15-1C7C24D1CF6B}.Release|Any CPU.Build.0 = Release|Any CPU
		{3EDDC55D-FFDB-4105-9783-298D8DB590AC}.Debug|Any CPU.ActiveCfg = Debug|Any CPU
		{3EDDC55D-FFDB-4105-9783-298D8DB590AC}.Debug|Any CPU.Build.0 = Debug|Any CPU
		{3EDDC55D-FFDB-4105-9783-298D8DB590AC}.Release|Any CPU.ActiveCfg = Release|Any CPU
		{3EDDC55D-FFDB-4105-9783-298D8DB590AC}.Release|Any CPU.Build.0 = Release|Any CPU
		{C2796EED-93E9-40D6-939C-2A1217D24543}.Debug|Any CPU.ActiveCfg = Debug|Any CPU
		{C2796EED-93E9-40D6-939C-2A1217D24543}.Debug|Any CPU.Build.0 = Debug|Any CPU
		{C2796EED-93E9-40D6-939C-2A1217D24543}.Release|Any CPU.ActiveCfg = Release|Any CPU
		{C2796EED-93E9-40D6-939C-2A1217D24543}.Release|Any CPU.Build.0 = Release|Any CPU
		{7C4E4129-AA9A-475F-A925-B2F5650B86BD}.Debug|Any CPU.ActiveCfg = Debug|Any CPU
		{7C4E4129-AA9A-475F-A925-B2F5650B86BD}.Debug|Any CPU.Build.0 = Debug|Any CPU
		{7C4E4129-AA9A-475F-A925-B2F5650B86BD}.Release|Any CPU.ActiveCfg = Release|Any CPU
		{7C4E4129-AA9A-475F-A925-B2F5650B86BD}.Release|Any CPU.Build.0 = Release|Any CPU
		{53E21C42-839E-4CD1-86A7-2C3141C54A1A}.Debug|Any CPU.ActiveCfg = Debug|Any CPU
		{53E21C42-839E-4CD1-86A7-2C3141C54A1A}.Debug|Any CPU.Build.0 = Debug|Any CPU
		{53E21C42-839E-4CD1-86A7-2C3141C54A1A}.Release|Any CPU.ActiveCfg = Release|Any CPU
		{53E21C42-839E-4CD1-86A7-2C3141C54A1A}.Release|Any CPU.Build.0 = Release|Any CPU
		{BA047437-CEBA-45BE-94A3-EA7427591AB9}.Debug|Any CPU.ActiveCfg = Debug|Any CPU
		{BA047437-CEBA-45BE-94A3-EA7427591AB9}.Debug|Any CPU.Build.0 = Debug|Any CPU
		{BA047437-CEBA-45BE-94A3-EA7427591AB9}.Release|Any CPU.ActiveCfg = Release|Any CPU
		{BA047437-CEBA-45BE-94A3-EA7427591AB9}.Release|Any CPU.Build.0 = Release|Any CPU
		{6B3BA972-3040-444B-A7DF-B255C73D3A88}.Debug|Any CPU.ActiveCfg = Debug|Any CPU
		{6B3BA972-3040-444B-A7DF-B255C73D3A88}.Debug|Any CPU.Build.0 = Debug|Any CPU
		{6B3BA972-3040-444B-A7DF-B255C73D3A88}.Release|Any CPU.ActiveCfg = Release|Any CPU
		{6B3BA972-3040-444B-A7DF-B255C73D3A88}.Release|Any CPU.Build.0 = Release|Any CPU
		{C577F16F-627C-4436-9201-C873ED3DA4D8}.Debug|Any CPU.ActiveCfg = Debug|Any CPU
		{C577F16F-627C-4436-9201-C873ED3DA4D8}.Debug|Any CPU.Build.0 = Debug|Any CPU
		{C577F16F-627C-4436-9201-C873ED3DA4D8}.Release|Any CPU.ActiveCfg = Release|Any CPU
		{C577F16F-627C-4436-9201-C873ED3DA4D8}.Release|Any CPU.Build.0 = Release|Any CPU
		{5B6970C8-788C-4541-AA02-41C8E914E604}.Debug|Any CPU.ActiveCfg = Debug|Any CPU
		{5B6970C8-788C-4541-AA02-41C8E914E604}.Debug|Any CPU.Build.0 = Debug|Any CPU
		{5B6970C8-788C-4541-AA02-41C8E914E604}.Release|Any CPU.ActiveCfg = Release|Any CPU
		{5B6970C8-788C-4541-AA02-41C8E914E604}.Release|Any CPU.Build.0 = Release|Any CPU
		{E21A8572-4968-4A6A-BF0F-98448EF99B80}.Debug|Any CPU.ActiveCfg = Debug|Any CPU
		{E21A8572-4968-4A6A-BF0F-98448EF99B80}.Debug|Any CPU.Build.0 = Debug|Any CPU
		{E21A8572-4968-4A6A-BF0F-98448EF99B80}.Release|Any CPU.ActiveCfg = Release|Any CPU
		{E21A8572-4968-4A6A-BF0F-98448EF99B80}.Release|Any CPU.Build.0 = Release|Any CPU
		{1B9F4085-17E6-4713-8CE5-1FB91A184E50}.Debug|Any CPU.ActiveCfg = Debug|Any CPU
		{1B9F4085-17E6-4713-8CE5-1FB91A184E50}.Debug|Any CPU.Build.0 = Debug|Any CPU
		{1B9F4085-17E6-4713-8CE5-1FB91A184E50}.Release|Any CPU.ActiveCfg = Release|Any CPU
		{1B9F4085-17E6-4713-8CE5-1FB91A184E50}.Release|Any CPU.Build.0 = Release|Any CPU
		{48DCC334-F812-4809-9CA0-A310CBA54E18}.Debug|Any CPU.ActiveCfg = Debug|Any CPU
		{48DCC334-F812-4809-9CA0-A310CBA54E18}.Debug|Any CPU.Build.0 = Debug|Any CPU
		{48DCC334-F812-4809-9CA0-A310CBA54E18}.Release|Any CPU.ActiveCfg = Release|Any CPU
		{48DCC334-F812-4809-9CA0-A310CBA54E18}.Release|Any CPU.Build.0 = Release|Any CPU
	EndGlobalSection
	GlobalSection(SolutionProperties) = preSolution
		HideSolutionNode = FALSE
	EndGlobalSection
EndGlobal
